
Microsoft Visual Studio Solution File, Format Version 12.00
# Visual Studio Version 16
VisualStudioVersion = 16.0.30717.126
MinimumVisualStudioVersion = 10.0.40219.1
Project("{9A19103F-16F7-4668-BE54-9A1E7A4F7556}") = "PharmacyStore", "PharmacyStore.csproj", "{4E242DD9-0783-4CB4-9C2D-69DF26F81779}"
EndProject
Project("{2150E333-8FDC-42A3-9474-1A3956D46DE8}") = "Solution Items", "Solution Items", "{617AC1B5-6897-421F-968F-2C4E1FB698F2}"
	ProjectSection(SolutionItems) = preProject
		.filenesting.json = .filenesting.json
	EndProjectSection
EndProject
Global
	GlobalSection(SolutionConfigurationPlatforms) = preSolution
		Debug|Any CPU = Debug|Any CPU
		Release|Any CPU = Release|Any CPU
	EndGlobalSection
	GlobalSection(ProjectConfigurationPlatforms) = postSolution
		{4E242DD9-0783-4CB4-9C2D-69DF26F81779}.Debug|Any CPU.ActiveCfg = Debug|Any CPU
		{4E242DD9-0783-4CB4-9C2D-69DF26F81779}.Debug|Any CPU.Build.0 = Debug|Any CPU
		{4E242DD9-0783-4CB4-9C2D-69DF26F81779}.Release|Any CPU.ActiveCfg = Release|Any CPU
		{4E242DD9-0783-4CB4-9C2D-69DF26F81779}.Release|Any CPU.Build.0 = Release|Any CPU
	EndGlobalSection
	GlobalSection(SolutionProperties) = preSolution
		HideSolutionNode = FALSE
	EndGlobalSection
	GlobalSection(ExtensibilityGlobals) = postSolution
		SolutionGuid = {0D41B096-77E6-48C0-9AB9-B43209E107A8}
	EndGlobalSection
EndGlobal
